
Microsoft Visual Studio Solution File, Format Version 12.00
# Visual Studio Version 17
VisualStudioVersion = 17.0.31903.59
MinimumVisualStudioVersion = 10.0.40219.1
Project("{FAE04EC0-301F-11D3-BF4B-00C04F79EFBC}") = "DotnetTakeoff.Api", "src\Services\DotnetTakeoff.Api\DotnetTakeoff.Api.csproj", "{88E8E535-7EE6-4E7C-B054-A0B947323E8A}"
EndProject
Project("{2150E333-8FDC-42A3-9474-1A3956D46DE8}") = "Solution Items", "Solution Items", "{DDC9FBC2-C226-4D13-8B00-9E6A5704A470}"
	ProjectSection(SolutionItems) = preProject
		Directory.Build.props = Directory.Build.props
		README.md = README.md
		.editorconfig = .editorconfig
		docker-compose.yml = docker-compose.yml
	EndProjectSection
EndProject
Global
	GlobalSection(SolutionConfigurationPlatforms) = preSolution
		Debug|Any CPU = Debug|Any CPU
		Release|Any CPU = Release|Any CPU
	EndGlobalSection
	GlobalSection(SolutionProperties) = preSolution
		HideSolutionNode = FALSE
	EndGlobalSection
	GlobalSection(ProjectConfigurationPlatforms) = postSolution
		{88E8E535-7EE6-4E7C-B054-A0B947323E8A}.Debug|Any CPU.ActiveCfg = Debug|Any CPU
		{88E8E535-7EE6-4E7C-B054-A0B947323E8A}.Debug|Any CPU.Build.0 = Debug|Any CPU
		{88E8E535-7EE6-4E7C-B054-A0B947323E8A}.Release|Any CPU.ActiveCfg = Release|Any CPU
		{88E8E535-7EE6-4E7C-B054-A0B947323E8A}.Release|Any CPU.Build.0 = Release|Any CPU
	EndGlobalSection
EndGlobal
